{
  "name": "ocd-anxiety-app",
  "version": "0.1.0",
  "lockfileVersion": 3,
  "requires": true,
  "packages": {
    "": {
      "name": "ocd-anxiety-app",
      "version": "0.1.0",
      "devDependencies": {
        "@andrewmacmurray/elm-concurrent-task": "^2.0.0"
      }
    },
    "node_modules/@andrewmacmurray/elm-concurrent-task": {
      "version": "2.0.0",
      "resolved": "https://registry.npmjs.org/@andrewmacmurray/elm-concurrent-task/-/elm-concurrent-task-2.0.0.tgz",
      "integrity": "sha512-8L9/6ca6HLaOk98vPQYtNnCnTRzJYdqogke+CAS07NahPeSJ6vfk4UMHalC1mo5WVh3Oyi30y4aZs9DyBqQd9w==",
      "dev": true,
      "license": "MIT"
    }
  }
}
